
Microsoft Visual Studio Solution File, Format Version 12.00
# Visual Studio Version 17
VisualStudioVersion = 17.14.36623.8
MinimumVisualStudioVersion = 10.0.40219.1
Project("{FAE04EC0-301F-11D3-BF4B-00C04F79EFBC}") = "day1", "day1\day1.csproj", "{A2EC65F9-E0B9-4F4C-965C-44CFF2DAB101}"
EndProject
Project("{FAE04EC0-301F-11D3-BF4B-00C04F79EFBC}") = "day2", "day2\day2.csproj", "{85796005-3311-49E0-880B-EAEBFCD1B88A}"
EndProject
Project("{FAE04EC0-301F-11D3-BF4B-00C04F79EFBC}") = "day3", "day3\day3.csproj", "{D7B882B8-464F-42BC-8645-FD01D3E75D69}"
EndProject
Project("{FAE04EC0-301F-11D3-BF4B-00C04F79EFBC}") = "day4", "day4\day4.csproj", "{1A20D154-94EC-43C2-B28D-4D2D1204C4DC}"
EndProject
Project("{FAE04EC0-301F-11D3-BF4B-00C04F79EFBC}") = "day5", "day5\day5.csproj", "{B0923210-0BF8-4CC9-92A1-FE8E6A6623DE}"
EndProject
Project("{FAE04EC0-301F-11D3-BF4B-00C04F79EFBC}") = "day6", "day6\day6.csproj", "{8A690A26-73AD-4754-840F-503D3BFED33E}"
EndProject
Project("{FAE04EC0-301F-11D3-BF4B-00C04F79EFBC}") = "day7", "day7\day7.csproj", "{3120B5D6-4D58-44F7-B1CC-12042193A830}"
EndProject
Project("{FAE04EC0-301F-11D3-BF4B-00C04F79EFBC}") = "day8", "day8\day8.csproj", "{2CCBA5E2-1031-4A20-9397-CDFA8C54007C}"
EndProject
Project("{FAE04EC0-301F-11D3-BF4B-00C04F79EFBC}") = "day9", "day9\day9.csproj", "{3D450160-C0C3-4693-9DA2-466A501D0CA4}"
EndProject
Project("{FAE04EC0-301F-11D3-BF4B-00C04F79EFBC}") = "day10", "day10\day10.csproj", "{ED7BA45B-7E29-7DA6-D775-71BB00021BF4}"
EndProject
Global
	GlobalSection(SolutionConfigurationPlatforms) = preSolution
		Debug|Any CPU = Debug|Any CPU
		Release|Any CPU = Release|Any CPU
	EndGlobalSection
	GlobalSection(ProjectConfigurationPlatforms) = postSolution
		{A2EC65F9-E0B9-4F4C-965C-44CFF2DAB101}.Debug|Any CPU.ActiveCfg = Debug|Any CPU
		{A2EC65F9-E0B9-4F4C-965C-44CFF2DAB101}.Debug|Any CPU.Build.0 = Debug|Any CPU
		{A2EC65F9-E0B9-4F4C-965C-44CFF2DAB101}.Release|Any CPU.ActiveCfg = Release|Any CPU
		{A2EC65F9-E0B9-4F4C-965C-44CFF2DAB101}.Release|Any CPU.Build.0 = Release|Any CPU
		{85796005-3311-49E0-880B-EAEBFCD1B88A}.Debug|Any CPU.ActiveCfg = Debug|Any CPU
		{85796005-3311-49E0-880B-EAEBFCD1B88A}.Debug|Any CPU.Build.0 = Debug|Any CPU
		{85796005-3311-49E0-880B-EAEBFCD1B88A}.Release|Any CPU.ActiveCfg = Release|Any CPU
		{85796005-3311-49E0-880B-EAEBFCD1B88A}.Release|Any CPU.Build.0 = Release|Any CPU
		{D7B882B8-464F-42BC-8645-FD01D3E75D69}.Debug|Any CPU.ActiveCfg = Debug|Any CPU
		{D7B882B8-464F-42BC-8645-FD01D3E75D69}.Debug|Any CPU.Build.0 = Debug|Any CPU
		{D7B882B8-464F-42BC-8645-FD01D3E75D69}.Release|Any CPU.ActiveCfg = Release|Any CPU
		{D7B882B8-464F-42BC-8645-FD01D3E75D69}.Release|Any CPU.Build.0 = Release|Any CPU
		{1A20D154-94EC-43C2-B28D-4D2D1204C4DC}.Debug|Any CPU.ActiveCfg = Debug|Any CPU
		{1A20D154-94EC-43C2-B28D-4D2D1204C4DC}.Debug|Any CPU.Build.0 = Debug|Any CPU
		{1A20D154-94EC-43C2-B28D-4D2D1204C4DC}.Release|Any CPU.ActiveCfg = Release|Any CPU
		{1A20D154-94EC-43C2-B28D-4D2D1204C4DC}.Release|Any CPU.Build.0 = Release|Any CPU
		{B0923210-0BF8-4CC9-92A1-FE8E6A6623DE}.Debug|Any CPU.ActiveCfg = Debug|Any CPU
		{B0923210-0BF8-4CC9-92A1-FE8E6A6623DE}.Debug|Any CPU.Build.0 = Debug|Any CPU
		{B0923210-0BF8-4CC9-92A1-FE8E6A6623DE}.Release|Any CPU.ActiveCfg = Release|Any CPU
		{B0923210-0BF8-4CC9-92A1-FE8E6A6623DE}.Release|Any CPU.Build.0 = Release|Any CPU
		{8A690A26-73AD-4754-840F-503D3BFED33E}.Debug|Any CPU.ActiveCfg = Debug|Any CPU
		{8A690A26-73AD-4754-840F-503D3BFED33E}.Debug|Any CPU.Build.0 = Debug|Any CPU
		{8A690A26-73AD-4754-840F-503D3BFED33E}.Release|Any CPU.ActiveCfg = Release|Any CPU
		{8A690A26-73AD-4754-840F-503D3BFED33E}.Release|Any CPU.Build.0 = Release|Any CPU
		{3120B5D6-4D58-44F7-B1CC-12042193A830}.Debug|Any CPU.ActiveCfg = Debug|Any CPU
		{3120B5D6-4D58-44F7-B1CC-12042193A830}.Debug|Any CPU.Build.0 = Debug|Any CPU
		{3120B5D6-4D58-44F7-B1CC-12042193A830}.Release|Any CPU.ActiveCfg = Release|Any CPU
		{3120B5D6-4D58-44F7-B1CC-12042193A830}.Release|Any CPU.Build.0 = Release|Any CPU
		{2CCBA5E2-1031-4A20-9397-CDFA8C54007C}.Debug|Any CPU.ActiveCfg = Debug|Any CPU
		{2CCBA5E2-1031-4A20-9397-CDFA8C54007C}.Debug|Any CPU.Build.0 = Debug|Any CPU
		{2CCBA5E2-1031-4A20-9397-CDFA8C54007C}.Release|Any CPU.ActiveCfg = Release|Any CPU
		{2CCBA5E2-1031-4A20-9397-CDFA8C54007C}.Release|Any CPU.Build.0 = Release|Any CPU
		{3D450160-C0C3-4693-9DA2-466A501D0CA4}.Debug|Any CPU.ActiveCfg = Debug|Any CPU
		{3D450160-C0C3-4693-9DA2-466A501D0CA4}.Debug|Any CPU.Build.0 = Debug|Any CPU
		{3D450160-C0C3-4693-9DA2-466A501D0CA4}.Release|Any CPU.ActiveCfg = Release|Any CPU
		{3D450160-C0C3-4693-9DA2-466A501D0CA4}.Release|Any CPU.Build.0 = Release|Any CPU
		{ED7BA45B-7E29-7DA6-D775-71BB00021BF4}.Debug|Any CPU.ActiveCfg = Debug|Any CPU
		{ED7BA45B-7E29-7DA6-D775-71BB00021BF4}.Debug|Any CPU.Build.0 = Debug|Any CPU
		{ED7BA45B-7E29-7DA6-D775-71BB00021BF4}.Release|Any CPU.ActiveCfg = Release|Any CPU
		{ED7BA45B-7E29-7DA6-D775-71BB00021BF4}.Release|Any CPU.Build.0 = Release|Any CPU
	EndGlobalSection
	GlobalSection(SolutionProperties) = preSolution
		HideSolutionNode = FALSE
	EndGlobalSection
	GlobalSection(ExtensibilityGlobals) = postSolution
		SolutionGuid = {CF29B239-6682-4730-8138-AD27436DE14C}
	EndGlobalSection
EndGlobal
